
Microsoft Visual Studio Solution File, Format Version 12.00
# Visual Studio Version 16
VisualStudioVersion = 16.0.32602.291
MinimumVisualStudioVersion = 10.0.40219.1
Project("{FAE04EC0-301F-11D3-BF4B-00C04F79EFBC}") = "MovieDB", "MovieDB\MovieDB.csproj", "{8E27EEB1-57B1-4BE6-BFE3-6BF26FC86869}"
EndProject
Global
	GlobalSection(SolutionConfigurationPlatforms) = preSolution
		Debug|Any CPU = Debug|Any CPU
		Release|Any CPU = Release|Any CPU
	EndGlobalSection
	GlobalSection(ProjectConfigurationPlatforms) = postSolution
		{8E27EEB1-57B1-4BE6-BFE3-6BF26FC86869}.Debug|Any CPU.ActiveCfg = Debug|Any CPU
		{8E27EEB1-57B1-4BE6-BFE3-6BF26FC86869}.Debug|Any CPU.Build.0 = Debug|Any CPU
		{8E27EEB1-57B1-4BE6-BFE3-6BF26FC86869}.Release|Any CPU.ActiveCfg = Release|Any CPU
		{8E27EEB1-57B1-4BE6-BFE3-6BF26FC86869}.Release|Any CPU.Build.0 = Release|Any CPU
	EndGlobalSection
	GlobalSection(SolutionProperties) = preSolution
		HideSolutionNode = FALSE
	EndGlobalSection
	GlobalSection(ExtensibilityGlobals) = postSolution
		SolutionGuid = {DE12E9D5-E300-4672-9E3F-BB10299EA3B4}
	EndGlobalSection
EndGlobal
